// !$*UTF8*$!
{
	archiveVersion = 1;
	classes = {
	};
	objectVersion = 50;
	objects = {

/* Begin PBXBuildFile section */
		686A4DF820DAA6AA00143043 /* PixabayHelper.swift in Sources */ = {isa = PBXBuildFile; fileRef = 686A4DF720DAA6AA00143043 /* PixabayHelper.swift */; };
		686A4DFA20DAA9F500143043 /* Pixabay.plist in Resources */ = {isa = PBXBuildFile; fileRef = 686A4DF920DAA9F500143043 /* Pixabay.plist */; };
		686A4DFC20DAB8D100143043 /* PropertyFileHelper.swift in Sources */ = {isa = PBXBuildFile; fileRef = 686A4DFB20DAB8D100143043 /* PropertyFileHelper.swift */; };
		68947B3B20D802E400F9AF74 /* AppDelegate.swift in Sources */ = {isa = PBXBuildFile; fileRef = 68947B3A20D802E400F9AF74 /* AppDelegate.swift */; };
		68947B3D20D802E400F9AF74 /* ViewController.swift in Sources */ = {isa = PBXBuildFile; fileRef = 68947B3C20D802E400F9AF74 /* ViewController.swift */; };
		68947B4020D802E400F9AF74 /* Main.storyboard in Resources */ = {isa = PBXBuildFile; fileRef = 68947B3E20D802E400F9AF74 /* Main.storyboard */; };
		68947B4220D802E400F9AF74 /* Assets.xcassets in Resources */ = {isa = PBXBuildFile; fileRef = 68947B4120D802E400F9AF74 /* Assets.xcassets */; };
		68947B4520D802E400F9AF74 /* LaunchScreen.storyboard in Resources */ = {isa = PBXBuildFile; fileRef = 68947B4320D802E400F9AF74 /* LaunchScreen.storyboard */; };
		68CFA7D820D823FF00112FFC /* CollectionViewCell.swift in Sources */ = {isa = PBXBuildFile; fileRef = 68CFA7D720D823FF00112FFC /* CollectionViewCell.swift */; };
		68E84D2620D91F9E008EFB8B /* PixabayData.swift in Sources */ = {isa = PBXBuildFile; fileRef = 68E84D2520D91F9E008EFB8B /* PixabayData.swift */; };
/* End PBXBuildFile section */

/* Begin PBXFileReference section */
		686A4DF720DAA6AA00143043 /* PixabayHelper.swift */ = {isa = PBXFileReference; lastKnownFileType = sourcecode.swift; path = PixabayHelper.swift; sourceTree = "<group>"; };
		686A4DF920DAA9F500143043 /* Pixabay.plist */ = {isa = PBXFileReference; lastKnownFileType = text.plist.xml; path = Pixabay.plist; sourceTree = "<group>"; };
		686A4DFB20DAB8D100143043 /* PropertyFileHelper.swift */ = {isa = PBXFileReference; lastKnownFileType = sourcecode.swift; path = PropertyFileHelper.swift; sourceTree = "<group>"; };
		68947B3720D802E400F9AF74 /* ImageApiDemo.app */ = {isa = PBXFileReference; explicitFileType = wrapper.application; includeInIndex = 0; path = ImageApiDemo.app; sourceTree = BUILT_PRODUCTS_DIR; };
		68947B3A20D802E400F9AF74 /* AppDelegate.swift */ = {isa = PBXFileReference; lastKnownFileType = sourcecode.swift; path = AppDelegate.swift; sourceTree = "<group>"; };
		68947B3C20D802E400F9AF74 /* ViewController.swift */ = {isa = PBXFileReference; lastKnownFileType = sourcecode.swift; path = ViewController.swift; sourceTree = "<group>"; };
		68947B3F20D802E400F9AF74 /* Base */ = {isa = PBXFileReference; lastKnownFileType = file.storyboard; name = Base; path = Base.lproj/Main.storyboard; sourceTree = "<group>"; };
		68947B4120D802E400F9AF74 /* Assets.xcassets */ = {isa = PBXFileReference; lastKnownFileType = folder.assetcatalog; path = Assets.xcassets; sourceTree = "<group>"; };
		68947B4420D802E400F9AF74 /* Base */ = {isa = PBXFileReference; lastKnownFileType = file.storyboard; name = Base; path = Base.lproj/LaunchScreen.storyboard; sourceTree = "<group>"; };
		68947B4620D802E400F9AF74 /* Info.plist */ = {isa = PBXFileReference; lastKnownFileType = text.plist.xml; path = Info.plist; sourceTree = "<group>"; };
		68CFA7D720D823FF00112FFC /* CollectionViewCell.swift */ = {isa = PBXFileReference; lastKnownFileType = sourcecode.swift; path = CollectionViewCell.swift; sourceTree = "<group>"; };
		68E84D2520D91F9E008EFB8B /* PixabayData.swift */ = {isa = PBXFileReference; lastKnownFileType = sourcecode.swift; path = PixabayData.swift; sourceTree = "<group>"; };
/* End PBXFileReference section */

/* Begin PBXFrameworksBuildPhase section */
		68947B3420D802E400F9AF74 /* Frameworks */ = {
			isa = PBXFrameworksBuildPhase;
			buildActionMask = 2147483647;
			files = (
			);
			runOnlyForDeploymentPostprocessing = 0;
		};
/* End PBXFrameworksBuildPhase section */

/* Begin PBXGroup section */
		68947B2E20D802E400F9AF74 = {
			isa = PBXGroup;
			children = (
				68947B3920D802E400F9AF74 /* ImageApiDemo */,
				68947B3820D802E400F9AF74 /* Products */,
			);
			sourceTree = "<group>";
		};
		68947B3820D802E400F9AF74 /* Products */ = {
			isa = PBXGroup;
			children = (
				68947B3720D802E400F9AF74 /* ImageApiDemo.app */,
			);
			name = Products;
			sourceTree = "<group>";
		};
		68947B3920D802E400F9AF74 /* ImageApiDemo */ = {
			isa = PBXGroup;
			children = (
				68947B4620D802E400F9AF74 /* Info.plist */,
				686A4DF920DAA9F500143043 /* Pixabay.plist */,
				68947B3A20D802E400F9AF74 /* AppDelegate.swift */,
				68CFA7D720D823FF00112FFC /* CollectionViewCell.swift */,
				68E84D2520D91F9E008EFB8B /* PixabayData.swift */,
				686A4DF720DAA6AA00143043 /* PixabayHelper.swift */,
				686A4DFB20DAB8D100143043 /* PropertyFileHelper.swift */,
				68947B3C20D802E400F9AF74 /* ViewController.swift */,
				68947B4120D802E400F9AF74 /* Assets.xcassets */,
				68947B4320D802E400F9AF74 /* LaunchScreen.storyboard */,
				68947B3E20D802E400F9AF74 /* Main.storyboard */,
			);
			path = ImageApiDemo;
			sourceTree = "<group>";
		};
/* End PBXGroup section */

/* Begin PBXNativeTarget section */
		68947B3620D802E400F9AF74 /* ImageApiDemo */ = {
			isa = PBXNativeTarget;
			buildConfigurationList = 68947B4920D802E400F9AF74 /* Build configuration list for PBXNativeTarget "ImageApiDemo" */;
			buildPhases = (
				68947B3320D802E400F9AF74 /* Sources */,
				68947B3420D802E400F9AF74 /* Frameworks */,
				68947B3520D802E400F9AF74 /* Resources */,
			);
			buildRules = (
			);
			dependencies = (
			);
			name = ImageApiDemo;
			productName = ImageApiDemo;
			productReference = 68947B3720D802E400F9AF74 /* ImageApiDemo.app */;
			productType = "com.apple.product-type.application";
		};
/* End PBXNativeTarget section */

/* Begin PBXProject section */
		68947B2F20D802E400F9AF74 /* Project object */ = {
			isa = PBXProject;
			attributes = {
				LastSwiftUpdateCheck = 1000;
				LastUpgradeCheck = 1000;
				ORGANIZATIONNAME = "Russell Archer";
				TargetAttributes = {
					68947B3620D802E400F9AF74 = {
						CreatedOnToolsVersion = 10.0;
					};
				};
			};
			buildConfigurationList = 68947B3220D802E400F9AF74 /* Build configuration list for PBXProject "ImageApiDemo" */;
			compatibilityVersion = "Xcode 9.3";
			developmentRegion = en;
			hasScannedForEncodings = 0;
			knownRegions = (
				en,
				Base,
			);
			mainGroup = 68947B2E20D802E400F9AF74;
			productRefGroup = 68947B3820D802E400F9AF74 /* Products */;
			projectDirPath = "";
			projectRoot = "";
			targets = (
				68947B3620D802E400F9AF74 /* ImageApiDemo */,
			);
		};
/* End PBXProject section */

/* Begin PBXResourcesBuildPhase section */
		68947B3520D802E400F9AF74 /* Resources */ = {
			isa = PBXResourcesBuildPhase;
			buildActionMask = 2147483647;
			files = (
				68947B4520D802E400F9AF74 /* LaunchScreen.storyboard in Resources */,
				686A4DFA20DAA9F500143043 /* Pixabay.plist in Resources */,
				68947B4220D802E400F9AF74 /* Assets.xcassets in Resources */,
				68947B4020D802E400F9AF74 /* Main.storyboard in Resources */,
			);
			runOnlyForDeploymentPostprocessing = 0;
		};
/* End PBXResourcesBuildPhase section */

/* Begin PBXSourcesBuildPhase section */
		68947B3320D802E400F9AF74 /* Sources */ = {
			isa = PBXSourcesBuildPhase;
			buildActionMask = 2147483647;
			files = (
				686A4DFC20DAB8D100143043 /* PropertyFileHelper.swift in Sources */,
				68E84D2620D91F9E008EFB8B /* PixabayData.swift in Sources */,
				686A4DF820DAA6AA00143043 /* PixabayHelper.swift in Sources */,
				68947B3D20D802E400F9AF74 /* ViewController.swift in Sources */,
				68CFA7D820D823FF00112FFC /* CollectionViewCell.swift in Sources */,
				68947B3B20D802E400F9AF74 /* AppDelegate.swift in Sources */,
			);
			runOnlyForDeploymentPostprocessing = 0;
		};
/* End PBXSourcesBuildPhase section */

/* Begin PBXVariantGroup section */
		68947B3E20D802E400F9AF74 /* Main.storyboard */ = {
			isa = PBXVariantGroup;
			children = (
				68947B3F20D802E400F9AF74 /* Base */,
			);
			name = Main.storyboard;
			sourceTree = "<group>";
		};
		68947B4320D802E400F9AF74 /* LaunchScreen.storyboard */ = {
			isa = PBXVariantGroup;
			children = (
				68947B4420D802E400F9AF74 /* Base */,
			);
			name = LaunchScreen.storyboard;
			sourceTree = "<group>";
		};
/* End PBXVariantGroup section */

/* Begin XCBuildConfiguration section */
		68947B4720D802E400F9AF74 /* Debug */ = {
			isa = XCBuildConfiguration;
			buildSettings = {
				ALWAYS_SEARCH_USER_PATHS = NO;
				CLANG_ANALYZER_NONNULL = YES;
				CLANG_ANALYZER_NUMBER_OBJECT_CONVERSION = YES_AGGRESSIVE;
				CLANG_CXX_LANGUAGE_STANDARD = "gnu++14";
				CLANG_CXX_LIBRARY = "libc++";
				CLANG_ENABLE_MODULES = YES;
				CLANG_ENABLE_OBJC_ARC = YES;
				CLANG_ENABLE_OBJC_WEAK = YES;
				CLANG_WARN_BLOCK_CAPTURE_AUTORELEASING = YES;
				CLANG_WARN_BOOL_CONVERSION = YES;
				CLANG_WARN_COMMA = YES;
				CLANG_WARN_CONSTANT_CONVERSION = YES;
				CLANG_WARN_DEPRECATED_OBJC_IMPLEMENTATIONS = YES;
				CLANG_WARN_DIRECT_OBJC_ISA_USAGE = YES_ERROR;
				CLANG_WARN_DOCUMENTATION_COMMENTS = YES;
				CLANG_WARN_EMPTY_BODY = YES;
				CLANG_WARN_ENUM_CONVERSION = YES;
				CLANG_WARN_INFINITE_RECURSION = YES;
				CLANG_WARN_INT_CONVERSION = YES;
				CLANG_WARN_NON_LITERAL_NULL_CONVERSION = YES;
				CLANG_WARN_OBJC_IMPLICIT_RETAIN_SELF = YES;
				CLANG_WARN_OBJC_LITERAL_CONVERSION = YES;
				CLANG_WARN_OBJC_ROOT_CLASS = YES_ERROR;
				CLANG_WARN_RANGE_LOOP_ANALYSIS = YES;
				CLANG_WARN_STRICT_PROTOTYPES = YES;
				CLANG_WARN_SUSPICIOUS_MOVE = YES;
				CLANG_WARN_UNGUARDED_AVAILABILITY = YES_AGGRESSIVE;
				CLANG_WARN_UNREACHABLE_CODE = YES;
				CLANG_WARN__DUPLICATE_METHOD_MATCH = YES;
				CODE_SIGN_IDENTITY = "iPhone Developer";
				COPY_PHASE_STRIP = NO;
				DEBUG_INFORMATION_FORMAT = dwarf;
				ENABLE_STRICT_OBJC_MSGSEND = YES;
				ENABLE_TESTABILITY = YES;
				GCC_C_LANGUAGE_STANDARD = gnu11;
				GCC_DYNAMIC_NO_PIC = NO;
				GCC_NO_COMMON_BLOCKS = YES;
				GCC_OPTIMIZATION_LEVEL = 0;
				GCC_PREPROCESSOR_DEFINITIONS = (
					"DEBUG=1",
					"$(inherited)",
				);
				GCC_WARN_64_TO_32_BIT_CONVERSION = YES;
				GCC_WARN_ABOUT_RETURN_TYPE = YES_ERROR;
				GCC_WARN_UNDECLARED_SELECTOR = YES;
				GCC_WARN_UNINITIALIZED_AUTOS = YES_AGGRESSIVE;
				GCC_WARN_UNUSED_FUNCTION = YES;
				GCC_WARN_UNUSED_VARIABLE = YES;
				IPHONEOS_DEPLOYMENT_TARGET = 12.0;
				MTL_ENABLE_DEBUG_INFO = INCLUDE_SOURCE;
				ONLY_ACTIVE_ARCH = YES;
				SDKROOT = iphoneos;
				SWIFT_ACTIVE_COMPILATION_CONDITIONS = DEBUG;
				SWIFT_OPTIMIZATION_LEVEL = "-Onone";
			};
			name = Debug;
		};
		68947B4820D802E400F9AF74 /* Release */ = {
			isa = XCBuildConfiguration;
			buildSettings = {
				ALWAYS_SEARCH_USER_PATHS = NO;
				CLANG_ANALYZER_NONNULL = YES;
				CLANG_ANALYZER_NUMBER_OBJECT_CONVERSION = YES_AGGRESSIVE;
				CLANG_CXX_LANGUAGE_STANDARD = "gnu++14";
				CLANG_CXX_LIBRARY = "libc++";
				CLANG_ENABLE_MODULES = YES;
				CLANG_ENABLE_OBJC_ARC = YES;
				CLANG_ENABLE_OBJC_WEAK = YES;
				CLANG_WARN_BLOCK_CAPTURE_AUTORELEASING = YES;
				CLANG_WARN_BOOL_CONVERSION = YES;
				CLANG_WARN_COMMA = YES;
				CLANG_WARN_CONSTANT_CONVERSION = YES;
				CLANG_WARN_DEPRECATED_OBJC_IMPLEMENTATIONS = YES;
				CLANG_WARN_DIRECT_OBJC_ISA_USAGE = YES_ERROR;
				CLANG_WARN_DOCUMENTATION_COMMENTS = YES;
				CLANG_WARN_EMPTY_BODY = YES;
				CLANG_WARN_ENUM_CONVERSION = YES;
				CLANG_WARN_INFINITE_RECURSION = YES;
				CLANG_WARN_INT_CONVERSION = YES;
				CLANG_WARN_NON_LITERAL_NULL_CONVERSION = YES;
				CLANG_WARN_OBJC_IMPLICIT_RETAIN_SELF = YES;
				CLANG_WARN_OBJC_LITERAL_CONVERSION = YES;
				CLANG_WARN_OBJC_ROOT_CLASS = YES_ERROR;
				CLANG_WARN_RANGE_LOOP_ANALYSIS = YES;
				CLANG_WARN_STRICT_PROTOTYPES = YES;
				CLANG_WARN_SUSPICIOUS_MOVE = YES;
				CLANG_WARN_UNGUARDED_AVAILABILITY = YES_AGGRESSIVE;
				CLANG_WARN_UNREACHABLE_CODE = YES;
				CLANG_WARN__DUPLICATE_METHOD_MATCH = YES;
				CODE_SIGN_IDENTITY = "iPhone Developer";
				COPY_PHASE_STRIP = NO;
				DEBUG_INFORMATION_FORMAT = "dwarf-with-dsym";
				ENABLE_NS_ASSERTIONS = NO;
				ENABLE_STRICT_OBJC_MSGSEND = YES;
				GCC_C_LANGUAGE_STANDARD = gnu11;
				GCC_NO_COMMON_BLOCKS = YES;
				GCC_WARN_64_TO_32_BIT_CONVERSION = YES;
				GCC_WARN_ABOUT_RETURN_TYPE = YES_ERROR;
				GCC_WARN_UNDECLARED_SELECTOR = YES;
				GCC_WARN_UNINITIALIZED_AUTOS = YES_AGGRESSIVE;
				GCC_WARN_UNUSED_FUNCTION = YES;
				GCC_WARN_UNUSED_VARIABLE = YES;
				IPHONEOS_DEPLOYMENT_TARGET = 12.0;
				MTL_ENABLE_DEBUG_INFO = NO;
				SDKROOT = iphoneos;
				SWIFT_COMPILATION_MODE = wholemodule;
				SWIFT_OPTIMIZATION_LEVEL = "-O";
				VALIDATE_PRODUCT = YES;
			};
			name = Release;
		};
		68947B4A20D802E400F9AF74 /* Debug */ = {
			isa = XCBuildConfiguration;
			buildSettings = {
				ASSETCATALOG_COMPILER_APPICON_NAME = AppIcon;
				CODE_SIGN_STYLE = Automatic;
				DEVELOPMENT_TEAM = R6BE99W3FU;
				INFOPLIST_FILE = ImageApiDemo/Info.plist;
				LD_RUNPATH_SEARCH_PATHS = (
					"$(inherited)",
					"@executable_path/Frameworks",
				);
				PRODUCT_BUNDLE_IDENTIFIER = com.rarcher.ImageApiDemo;
				PRODUCT_NAME = "$(TARGET_NAME)";
				SWIFT_VERSION = 4.2;
				TARGETED_DEVICE_FAMILY = "1,2";
			};
			name = Debug;
		};
		68947B4B20D802E400F9AF74 /* Release */ = {
			isa = XCBuildConfiguration;
			buildSettings = {
				ASSETCATALOG_COMPILER_APPICON_NAME = AppIcon;
				CODE_SIGN_STYLE = Automatic;
				DEVELOPMENT_TEAM = R6BE99W3FU;
				INFOPLIST_FILE = ImageApiDemo/Info.plist;
				LD_RUNPATH_SEARCH_PATHS = (
					"$(inherited)",
					"@executable_path/Frameworks",
				);
				PRODUCT_BUNDLE_IDENTIFIER = com.rarcher.ImageApiDemo;
				PRODUCT_NAME = "$(TARGET_NAME)";
				SWIFT_VERSION = 4.2;
				TARGETED_DEVICE_FAMILY = "1,2";
			};
			name = Release;
		};
/* End XCBuildConfiguration section */

/* Begin XCConfigurationList section */
		68947B3220D802E400F9AF74 /* Build configuration list for PBXProject "ImageApiDemo" */ = {
			isa = XCConfigurationList;
			buildConfigurations = (
				68947B4720D802E400F9AF74 /* Debug */,
				68947B4820D802E400F9AF74 /* Release */,
			);
			defaultConfigurationIsVisible = 0;
			defaultConfigurationName = Release;
		};
		68947B4920D802E400F9AF74 /* Build configuration list for PBXNativeTarget "ImageApiDemo" */ = {
			isa = XCConfigurationList;
			buildConfigurations = (
				68947B4A20D802E400F9AF74 /* Debug */,
				68947B4B20D802E400F9AF74 /* Release */,
			);
			defaultConfigurationIsVisible = 0;
			defaultConfigurationName = Release;
		};
/* End XCConfigurationList section */
	};
	rootObject = 68947B2F20D802E400F9AF74 /* Project object */;
}
